
Microsoft Visual Studio Solution File, Format Version 12.00
# Visual Studio 14
VisualStudioVersion = 14.0.25123.0
MinimumVisualStudioVersion = 10.0.40219.1
Project("{FAE04EC0-301F-11D3-BF4B-00C04F79EFBC}") = "BoltSDK", "BoltSDK\BoltSDK.csproj", "{858B934A-9DB6-4AA4-BCCE-3FCEC9FD3B8B}"
EndProject
Project("{FAE04EC0-301F-11D3-BF4B-00C04F79EFBC}") = "AMQP Bolt Example", "AMQP Bolt Example\AMQP Bolt Example.csproj", "{07ABF951-1C51-443F-8662-33117069F1F1}"
EndProject
Global
	GlobalSection(SolutionConfigurationPlatforms) = preSolution
		Debug|Any CPU = Debug|Any CPU
		Release|Any CPU = Release|Any CPU
	EndGlobalSection
	GlobalSection(ProjectConfigurationPlatforms) = postSolution
		{858B934A-9DB6-4AA4-BCCE-3FCEC9FD3B8B}.Debug|Any CPU.ActiveCfg = Debug|Any CPU
		{858B934A-9DB6-4AA4-BCCE-3FCEC9FD3B8B}.Debug|Any CPU.Build.0 = Debug|Any CPU
		{858B934A-9DB6-4AA4-BCCE-3FCEC9FD3B8B}.Release|Any CPU.ActiveCfg = Release|Any CPU
		{858B934A-9DB6-4AA4-BCCE-3FCEC9FD3B8B}.Release|Any CPU.Build.0 = Release|Any CPU
		{07ABF951-1C51-443F-8662-33117069F1F1}.Debug|Any CPU.ActiveCfg = Debug|Any CPU
		{07ABF951-1C51-443F-8662-33117069F1F1}.Debug|Any CPU.Build.0 = Debug|Any CPU
		{07ABF951-1C51-443F-8662-33117069F1F1}.Release|Any CPU.ActiveCfg = Release|Any CPU
		{07ABF951-1C51-443F-8662-33117069F1F1}.Release|Any CPU.Build.0 = Release|Any CPU
	EndGlobalSection
	GlobalSection(SolutionProperties) = preSolution
		HideSolutionNode = FALSE
	EndGlobalSection
EndGlobal
